
Microsoft Visual Studio Solution File, Format Version 12.00
# Visual Studio Version 16
VisualStudioVersion = 16.0.31205.134
MinimumVisualStudioVersion = 10.0.40219.1
Project("{9A19103F-16F7-4668-BE54-9A1E7A4F7556}") = "BT_AUTO_2021_Programming", "BT_AUTO_2021_Programming\BT_AUTO_2021_Programming.csproj", "{7121A1DF-A002-472D-A8BE-F9C42E50484B}"
EndProject
Project("{FAE04EC0-301F-11D3-BF4B-00C04F79EFBC}") = "NUnit_Auto_2022", "NUnit_Auto_2022\NUnit_Auto_2022.csproj", "{870DC0B1-EE28-43FC-8F71-21C97FC93CF8}"
EndProject
Project("{FAE04EC0-301F-11D3-BF4B-00C04F79EFBC}") = "XUnit_Auto_2022", "XUnit_Auto_2022\XUnit_Auto_2022.csproj", "{30076ABA-2239-4317-9739-E5426A1E47E6}"
EndProject
Project("{FAE04EC0-301F-11D3-BF4B-00C04F79EFBC}") = "MSTest_Auto_2022", "MSTest_Auto_2022\MSTest_Auto_2022.csproj", "{0CAB3AD5-D2BA-4896-BA66-EF3C218806EB}"
EndProject
Global
	GlobalSection(SolutionConfigurationPlatforms) = preSolution
		Debug|Any CPU = Debug|Any CPU
		Release|Any CPU = Release|Any CPU
	EndGlobalSection
	GlobalSection(ProjectConfigurationPlatforms) = postSolution
		{7121A1DF-A002-472D-A8BE-F9C42E50484B}.Debug|Any CPU.ActiveCfg = Debug|Any CPU
		{7121A1DF-A002-472D-A8BE-F9C42E50484B}.Debug|Any CPU.Build.0 = Debug|Any CPU
		{7121A1DF-A002-472D-A8BE-F9C42E50484B}.Release|Any CPU.ActiveCfg = Release|Any CPU
		{7121A1DF-A002-472D-A8BE-F9C42E50484B}.Release|Any CPU.Build.0 = Release|Any CPU
		{870DC0B1-EE28-43FC-8F71-21C97FC93CF8}.Debug|Any CPU.ActiveCfg = Debug|Any CPU
		{870DC0B1-EE28-43FC-8F71-21C97FC93CF8}.Debug|Any CPU.Build.0 = Debug|Any CPU
		{870DC0B1-EE28-43FC-8F71-21C97FC93CF8}.Release|Any CPU.ActiveCfg = Release|Any CPU
		{870DC0B1-EE28-43FC-8F71-21C97FC93CF8}.Release|Any CPU.Build.0 = Release|Any CPU
		{30076ABA-2239-4317-9739-E5426A1E47E6}.Debug|Any CPU.ActiveCfg = Debug|Any CPU
		{30076ABA-2239-4317-9739-E5426A1E47E6}.Debug|Any CPU.Build.0 = Debug|Any CPU
		{30076ABA-2239-4317-9739-E5426A1E47E6}.Release|Any CPU.ActiveCfg = Release|Any CPU
		{30076ABA-2239-4317-9739-E5426A1E47E6}.Release|Any CPU.Build.0 = Release|Any CPU
		{0CAB3AD5-D2BA-4896-BA66-EF3C218806EB}.Debug|Any CPU.ActiveCfg = Debug|Any CPU
		{0CAB3AD5-D2BA-4896-BA66-EF3C218806EB}.Debug|Any CPU.Build.0 = Debug|Any CPU
		{0CAB3AD5-D2BA-4896-BA66-EF3C218806EB}.Release|Any CPU.ActiveCfg = Release|Any CPU
		{0CAB3AD5-D2BA-4896-BA66-EF3C218806EB}.Release|Any CPU.Build.0 = Release|Any CPU
	EndGlobalSection
	GlobalSection(SolutionProperties) = preSolution
		HideSolutionNode = FALSE
	EndGlobalSection
	GlobalSection(ExtensibilityGlobals) = postSolution
		SolutionGuid = {50C7ED89-208A-482C-9AC8-B3E75A0F82C0}
	EndGlobalSection
EndGlobal
